// !$*UTF8*$!
{
	archiveVersion = 1;
	classes = {
	};
	objectVersion = 50;
	objects = {

/* Begin PBXBuildFile section */
		A731AC9D247ABE87000261DC /* MyCustomCell.swift in Sources */ = {isa = PBXBuildFile; fileRef = A731AC9C247ABE87000261DC /* MyCustomCell.swift */; };
		A7578B292473D90B00956998 /* StartController.swift in Sources */ = {isa = PBXBuildFile; fileRef = A7578B282473D90B00956998 /* StartController.swift */; };
		A7578B2B24740F0000956998 /* HighScoreController.swift in Sources */ = {isa = PBXBuildFile; fileRef = A7578B2A24740F0000956998 /* HighScoreController.swift */; };
		A7E4905624757D91009379A7 /* GameOverViewController.swift in Sources */ = {isa = PBXBuildFile; fileRef = A7E4905524757D91009379A7 /* GameOverViewController.swift */; };
		A7FFFF81244DAF0F000FADE3 /* AppDelegate.swift in Sources */ = {isa = PBXBuildFile; fileRef = A7FFFF80244DAF0F000FADE3 /* AppDelegate.swift */; };
		A7FFFF83244DAF0F000FADE3 /* SceneDelegate.swift in Sources */ = {isa = PBXBuildFile; fileRef = A7FFFF82244DAF0F000FADE3 /* SceneDelegate.swift */; };
		A7FFFF85244DAF0F000FADE3 /* GameController.swift in Sources */ = {isa = PBXBuildFile; fileRef = A7FFFF84244DAF0F000FADE3 /* GameController.swift */; };
		A7FFFF88244DAF0F000FADE3 /* Main.storyboard in Resources */ = {isa = PBXBuildFile; fileRef = A7FFFF86244DAF0F000FADE3 /* Main.storyboard */; };
		A7FFFF8A244DAF10000FADE3 /* Assets.xcassets in Resources */ = {isa = PBXBuildFile; fileRef = A7FFFF89244DAF10000FADE3 /* Assets.xcassets */; };
		A7FFFF8D244DAF10000FADE3 /* LaunchScreen.storyboard in Resources */ = {isa = PBXBuildFile; fileRef = A7FFFF8B244DAF10000FADE3 /* LaunchScreen.storyboard */; };
/* End PBXBuildFile section */

/* Begin PBXFileReference section */
		A731AC9C247ABE87000261DC /* MyCustomCell.swift */ = {isa = PBXFileReference; lastKnownFileType = sourcecode.swift; path = MyCustomCell.swift; sourceTree = "<group>"; };
		A7578B282473D90B00956998 /* StartController.swift */ = {isa = PBXFileReference; lastKnownFileType = sourcecode.swift; path = StartController.swift; sourceTree = "<group>"; };
		A7578B2A24740F0000956998 /* HighScoreController.swift */ = {isa = PBXFileReference; lastKnownFileType = sourcecode.swift; path = HighScoreController.swift; sourceTree = "<group>"; };
		A7E4905524757D91009379A7 /* GameOverViewController.swift */ = {isa = PBXFileReference; lastKnownFileType = sourcecode.swift; path = GameOverViewController.swift; sourceTree = "<group>"; };
		A7FFFF7D244DAF0F000FADE3 /* HW1.app */ = {isa = PBXFileReference; explicitFileType = wrapper.application; includeInIndex = 0; path = HW1.app; sourceTree = BUILT_PRODUCTS_DIR; };
		A7FFFF80244DAF0F000FADE3 /* AppDelegate.swift */ = {isa = PBXFileReference; lastKnownFileType = sourcecode.swift; path = AppDelegate.swift; sourceTree = "<group>"; };
		A7FFFF82244DAF0F000FADE3 /* SceneDelegate.swift */ = {isa = PBXFileReference; lastKnownFileType = sourcecode.swift; path = SceneDelegate.swift; sourceTree = "<group>"; };
		A7FFFF84244DAF0F000FADE3 /* GameController.swift */ = {isa = PBXFileReference; lastKnownFileType = sourcecode.swift; path = GameController.swift; sourceTree = "<group>"; };
		A7FFFF87244DAF0F000FADE3 /* Base */ = {isa = PBXFileReference; lastKnownFileType = file.storyboard; name = Base; path = Base.lproj/Main.storyboard; sourceTree = "<group>"; };
		A7FFFF89244DAF10000FADE3 /* Assets.xcassets */ = {isa = PBXFileReference; lastKnownFileType = folder.assetcatalog; path = Assets.xcassets; sourceTree = "<group>"; };
		A7FFFF8C244DAF10000FADE3 /* Base */ = {isa = PBXFileReference; lastKnownFileType = file.storyboard; name = Base; path = Base.lproj/LaunchScreen.storyboard; sourceTree = "<group>"; };
		A7FFFF8E244DAF10000FADE3 /* Info.plist */ = {isa = PBXFileReference; lastKnownFileType = text.plist.xml; path = Info.plist; sourceTree = "<group>"; };
/* End PBXFileReference section */

/* Begin PBXFrameworksBuildPhase section */
		A7FFFF7A244DAF0F000FADE3 /* Frameworks */ = {
			isa = PBXFrameworksBuildPhase;
			buildActionMask = 2147483647;
			files = (
			);
			runOnlyForDeploymentPostprocessing = 0;
		};
/* End PBXFrameworksBuildPhase section */

/* Begin PBXGroup section */
		A7FFFF74244DAF0F000FADE3 = {
			isa = PBXGroup;
			children = (
				A7FFFF7F244DAF0F000FADE3 /* HW1 */,
				A7FFFF7E244DAF0F000FADE3 /* Products */,
			);
			sourceTree = "<group>";
		};
		A7FFFF7E244DAF0F000FADE3 /* Products */ = {
			isa = PBXGroup;
			children = (
				A7FFFF7D244DAF0F000FADE3 /* HW1.app */,
			);
			name = Products;
			sourceTree = "<group>";
		};
		A7FFFF7F244DAF0F000FADE3 /* HW1 */ = {
			isa = PBXGroup;
			children = (
				A7FFFF80244DAF0F000FADE3 /* AppDelegate.swift */,
				A7FFFF82244DAF0F000FADE3 /* SceneDelegate.swift */,
				A7578B282473D90B00956998 /* StartController.swift */,
				A7FFFF84244DAF0F000FADE3 /* GameController.swift */,
				A7E4905524757D91009379A7 /* GameOverViewController.swift */,
				A7578B2A24740F0000956998 /* HighScoreController.swift */,
				A7FFFF86244DAF0F000FADE3 /* Main.storyboard */,
				A7FFFF89244DAF10000FADE3 /* Assets.xcassets */,
				A7FFFF8B244DAF10000FADE3 /* LaunchScreen.storyboard */,
				A7FFFF8E244DAF10000FADE3 /* Info.plist */,
				A731AC9C247ABE87000261DC /* MyCustomCell.swift */,
			);
			path = HW1;
			sourceTree = "<group>";
		};
/* End PBXGroup section */

/* Begin PBXNativeTarget section */
		A7FFFF7C244DAF0F000FADE3 /* HW1 */ = {
			isa = PBXNativeTarget;
			buildConfigurationList = A7FFFF91244DAF10000FADE3 /* Build configuration list for PBXNativeTarget "HW1" */;
			buildPhases = (
				A7FFFF79244DAF0F000FADE3 /* Sources */,
				A7FFFF7A244DAF0F000FADE3 /* Frameworks */,
				A7FFFF7B244DAF0F000FADE3 /* Resources */,
			);
			buildRules = (
			);
			dependencies = (
			);
			name = HW1;
			productName = HW1;
			productReference = A7FFFF7D244DAF0F000FADE3 /* HW1.app */;
			productType = "com.apple.product-type.application";
		};
/* End PBXNativeTarget section */

/* Begin PBXProject section */
		A7FFFF75244DAF0F000FADE3 /* Project object */ = {
			isa = PBXProject;
			attributes = {
				LastSwiftUpdateCheck = 1130;
				LastUpgradeCheck = 1130;
				ORGANIZATIONNAME = hodgohasi;
				TargetAttributes = {
					A7FFFF7C244DAF0F000FADE3 = {
						CreatedOnToolsVersion = 11.3;
					};
				};
			};
			buildConfigurationList = A7FFFF78244DAF0F000FADE3 /* Build configuration list for PBXProject "HW1" */;
			compatibilityVersion = "Xcode 9.3";
			developmentRegion = en;
			hasScannedForEncodings = 0;
			knownRegions = (
				en,
				Base,
			);
			mainGroup = A7FFFF74244DAF0F000FADE3;
			productRefGroup = A7FFFF7E244DAF0F000FADE3 /* Products */;
			projectDirPath = "";
			projectRoot = "";
			targets = (
				A7FFFF7C244DAF0F000FADE3 /* HW1 */,
			);
		};
/* End PBXProject section */

/* Begin PBXResourcesBuildPhase section */
		A7FFFF7B244DAF0F000FADE3 /* Resources */ = {
			isa = PBXResourcesBuildPhase;
			buildActionMask = 2147483647;
			files = (
				A7FFFF8D244DAF10000FADE3 /* LaunchScreen.storyboard in Resources */,
				A7FFFF8A244DAF10000FADE3 /* Assets.xcassets in Resources */,
				A7FFFF88244DAF0F000FADE3 /* Main.storyboard in Resources */,
			);
			runOnlyForDeploymentPostprocessing = 0;
		};
/* End PBXResourcesBuildPhase section */

/* Begin PBXSourcesBuildPhase section */
		A7FFFF79244DAF0F000FADE3 /* Sources */ = {
			isa = PBXSourcesBuildPhase;
			buildActionMask = 2147483647;
			files = (
				A7FFFF85244DAF0F000FADE3 /* GameController.swift in Sources */,
				A7FFFF81244DAF0F000FADE3 /* AppDelegate.swift in Sources */,
				A7E4905624757D91009379A7 /* GameOverViewController.swift in Sources */,
				A731AC9D247ABE87000261DC /* MyCustomCell.swift in Sources */,
				A7FFFF83244DAF0F000FADE3 /* SceneDelegate.swift in Sources */,
				A7578B292473D90B00956998 /* StartController.swift in Sources */,
				A7578B2B24740F0000956998 /* HighScoreController.swift in Sources */,
			);
			runOnlyForDeploymentPostprocessing = 0;
		};
/* End PBXSourcesBuildPhase section */

/* Begin PBXVariantGroup section */
		A7FFFF86244DAF0F000FADE3 /* Main.storyboard */ = {
			isa = PBXVariantGroup;
			children = (
				A7FFFF87244DAF0F000FADE3 /* Base */,
			);
			name = Main.storyboard;
			sourceTree = "<group>";
		};
		A7FFFF8B244DAF10000FADE3 /* LaunchScreen.storyboard */ = {
			isa = PBXVariantGroup;
			children = (
				A7FFFF8C244DAF10000FADE3 /* Base */,
			);
			name = LaunchScreen.storyboard;
			sourceTree = "<group>";
		};
/* End PBXVariantGroup section */

/* Begin XCBuildConfiguration section */
		A7FFFF8F244DAF10000FADE3 /* Debug */ = {
			isa = XCBuildConfiguration;
			buildSettings = {
				ALWAYS_SEARCH_USER_PATHS = NO;
				CLANG_ANALYZER_NONNULL = YES;
				CLANG_ANALYZER_NUMBER_OBJECT_CONVERSION = YES_AGGRESSIVE;
				CLANG_CXX_LANGUAGE_STANDARD = "gnu++14";
				CLANG_CXX_LIBRARY = "libc++";
				CLANG_ENABLE_MODULES = YES;
				CLANG_ENABLE_OBJC_ARC = YES;
				CLANG_ENABLE_OBJC_WEAK = YES;
				CLANG_WARN_BLOCK_CAPTURE_AUTORELEASING = YES;
				CLANG_WARN_BOOL_CONVERSION = YES;
				CLANG_WARN_COMMA = YES;
				CLANG_WARN_CONSTANT_CONVERSION = YES;
				CLANG_WARN_DEPRECATED_OBJC_IMPLEMENTATIONS = YES;
				CLANG_WARN_DIRECT_OBJC_ISA_USAGE = YES_ERROR;
				CLANG_WARN_DOCUMENTATION_COMMENTS = YES;
				CLANG_WARN_EMPTY_BODY = YES;
				CLANG_WARN_ENUM_CONVERSION = YES;
				CLANG_WARN_INFINITE_RECURSION = YES;
				CLANG_WARN_INT_CONVERSION = YES;
				CLANG_WARN_NON_LITERAL_NULL_CONVERSION = YES;
				CLANG_WARN_OBJC_IMPLICIT_RETAIN_SELF = YES;
				CLANG_WARN_OBJC_LITERAL_CONVERSION = YES;
				CLANG_WARN_OBJC_ROOT_CLASS = YES_ERROR;
				CLANG_WARN_RANGE_LOOP_ANALYSIS = YES;
				CLANG_WARN_STRICT_PROTOTYPES = YES;
				CLANG_WARN_SUSPICIOUS_MOVE = YES;
				CLANG_WARN_UNGUARDED_AVAILABILITY = YES_AGGRESSIVE;
				CLANG_WARN_UNREACHABLE_CODE = YES;
				CLANG_WARN__DUPLICATE_METHOD_MATCH = YES;
				COPY_PHASE_STRIP = NO;
				DEBUG_INFORMATION_FORMAT = dwarf;
				ENABLE_STRICT_OBJC_MSGSEND = YES;
				ENABLE_TESTABILITY = YES;
				GCC_C_LANGUAGE_STANDARD = gnu11;
				GCC_DYNAMIC_NO_PIC = NO;
				GCC_NO_COMMON_BLOCKS = YES;
				GCC_OPTIMIZATION_LEVEL = 0;
				GCC_PREPROCESSOR_DEFINITIONS = (
					"DEBUG=1",
					"$(inherited)",
				);
				GCC_WARN_64_TO_32_BIT_CONVERSION = YES;
				GCC_WARN_ABOUT_RETURN_TYPE = YES_ERROR;
				GCC_WARN_UNDECLARED_SELECTOR = YES;
				GCC_WARN_UNINITIALIZED_AUTOS = YES_AGGRESSIVE;
				GCC_WARN_UNUSED_FUNCTION = YES;
				GCC_WARN_UNUSED_VARIABLE = YES;
				IPHONEOS_DEPLOYMENT_TARGET = 13.2;
				MTL_ENABLE_DEBUG_INFO = INCLUDE_SOURCE;
				MTL_FAST_MATH = YES;
				ONLY_ACTIVE_ARCH = YES;
				SDKROOT = iphoneos;
				SWIFT_ACTIVE_COMPILATION_CONDITIONS = DEBUG;
				SWIFT_OPTIMIZATION_LEVEL = "-Onone";
			};
			name = Debug;
		};
		A7FFFF90244DAF10000FADE3 /* Release */ = {
			isa = XCBuildConfiguration;
			buildSettings = {
				ALWAYS_SEARCH_USER_PATHS = NO;
				CLANG_ANALYZER_NONNULL = YES;
				CLANG_ANALYZER_NUMBER_OBJECT_CONVERSION = YES_AGGRESSIVE;
				CLANG_CXX_LANGUAGE_STANDARD = "gnu++14";
				CLANG_CXX_LIBRARY = "libc++";
				CLANG_ENABLE_MODULES = YES;
				CLANG_ENABLE_OBJC_ARC = YES;
				CLANG_ENABLE_OBJC_WEAK = YES;
				CLANG_WARN_BLOCK_CAPTURE_AUTORELEASING = YES;
				CLANG_WARN_BOOL_CONVERSION = YES;
				CLANG_WARN_COMMA = YES;
				CLANG_WARN_CONSTANT_CONVERSION = YES;
				CLANG_WARN_DEPRECATED_OBJC_IMPLEMENTATIONS = YES;
				CLANG_WARN_DIRECT_OBJC_ISA_USAGE = YES_ERROR;
				CLANG_WARN_DOCUMENTATION_COMMENTS = YES;
				CLANG_WARN_EMPTY_BODY = YES;
				CLANG_WARN_ENUM_CONVERSION = YES;
				CLANG_WARN_INFINITE_RECURSION = YES;
				CLANG_WARN_INT_CONVERSION = YES;
				CLANG_WARN_NON_LITERAL_NULL_CONVERSION = YES;
				CLANG_WARN_OBJC_IMPLICIT_RETAIN_SELF = YES;
				CLANG_WARN_OBJC_LITERAL_CONVERSION = YES;
				CLANG_WARN_OBJC_ROOT_CLASS = YES_ERROR;
				CLANG_WARN_RANGE_LOOP_ANALYSIS = YES;
				CLANG_WARN_STRICT_PROTOTYPES = YES;
				CLANG_WARN_SUSPICIOUS_MOVE = YES;
				CLANG_WARN_UNGUARDED_AVAILABILITY = YES_AGGRESSIVE;
				CLANG_WARN_UNREACHABLE_CODE = YES;
				CLANG_WARN__DUPLICATE_METHOD_MATCH = YES;
				COPY_PHASE_STRIP = NO;
				DEBUG_INFORMATION_FORMAT = "dwarf-with-dsym";
				ENABLE_NS_ASSERTIONS = NO;
				ENABLE_STRICT_OBJC_MSGSEND = YES;
				GCC_C_LANGUAGE_STANDARD = gnu11;
				GCC_NO_COMMON_BLOCKS = YES;
				GCC_WARN_64_TO_32_BIT_CONVERSION = YES;
				GCC_WARN_ABOUT_RETURN_TYPE = YES_ERROR;
				GCC_WARN_UNDECLARED_SELECTOR = YES;
				GCC_WARN_UNINITIALIZED_AUTOS = YES_AGGRESSIVE;
				GCC_WARN_UNUSED_FUNCTION = YES;
				GCC_WARN_UNUSED_VARIABLE = YES;
				IPHONEOS_DEPLOYMENT_TARGET = 13.2;
				MTL_ENABLE_DEBUG_INFO = NO;
				MTL_FAST_MATH = YES;
				SDKROOT = iphoneos;
				SWIFT_COMPILATION_MODE = wholemodule;
				SWIFT_OPTIMIZATION_LEVEL = "-O";
				VALIDATE_PRODUCT = YES;
			};
			name = Release;
		};
		A7FFFF92244DAF10000FADE3 /* Debug */ = {
			isa = XCBuildConfiguration;
			buildSettings = {
				ASSETCATALOG_COMPILER_APPICON_NAME = AppIcon;
				CODE_SIGN_STYLE = Automatic;
				INFOPLIST_FILE = HW1/Info.plist;
				LD_RUNPATH_SEARCH_PATHS = (
					"$(inherited)",
					"@executable_path/Frameworks",
				);
				PRODUCT_BUNDLE_IDENTIFIER = com.hod.HW1;
				PRODUCT_NAME = HW1;
				SWIFT_VERSION = 5.0;
				TARGETED_DEVICE_FAMILY = "1,2";
			};
			name = Debug;
		};
		A7FFFF93244DAF10000FADE3 /* Release */ = {
			isa = XCBuildConfiguration;
			buildSettings = {
				ASSETCATALOG_COMPILER_APPICON_NAME = AppIcon;
				CODE_SIGN_STYLE = Automatic;
				INFOPLIST_FILE = HW1/Info.plist;
				LD_RUNPATH_SEARCH_PATHS = (
					"$(inherited)",
					"@executable_path/Frameworks",
				);
				PRODUCT_BUNDLE_IDENTIFIER = com.hod.HW1;
				PRODUCT_NAME = HW1;
				SWIFT_VERSION = 5.0;
				TARGETED_DEVICE_FAMILY = "1,2";
			};
			name = Release;
		};
/* End XCBuildConfiguration section */

/* Begin XCConfigurationList section */
		A7FFFF78244DAF0F000FADE3 /* Build configuration list for PBXProject "HW1" */ = {
			isa = XCConfigurationList;
			buildConfigurations = (
				A7FFFF8F244DAF10000FADE3 /* Debug */,
				A7FFFF90244DAF10000FADE3 /* Release */,
			);
			defaultConfigurationIsVisible = 0;
			defaultConfigurationName = Release;
		};
		A7FFFF91244DAF10000FADE3 /* Build configuration list for PBXNativeTarget "HW1" */ = {
			isa = XCConfigurationList;
			buildConfigurations = (
				A7FFFF92244DAF10000FADE3 /* Debug */,
				A7FFFF93244DAF10000FADE3 /* Release */,
			);
			defaultConfigurationIsVisible = 0;
			defaultConfigurationName = Release;
		};
/* End XCConfigurationList section */
	};
	rootObject = A7FFFF75244DAF0F000FADE3 /* Project object */;
}
